{
  "nodes": {
    "lowdown-src": {
      "flake": false,
      "locked": {
        "lastModified": 1617481909,
        "narHash": "sha256-SqnfOFuLuVRRNeVJr1yeEPJue/qWoCp5N6o5Kr///p4=",
        "owner": "kristapsdz",
        "repo": "lowdown",
        "rev": "148f9b2f586c41b7e36e73009db43ea68c7a1a4d",
        "type": "github"
      },
      "original": {
        "owner": "kristapsdz",
        "ref": "VERSION_0_8_4",
        "repo": "lowdown",
        "type": "github"
      }
    },
    "nix": {
      "inputs": {
        "lowdown-src": "lowdown-src",
        "nixpkgs": "nixpkgs"
      },
      "locked": {
        "lastModified": 1622809115,
        "narHash": "sha256-0lfX3ihV+5VsOs40eSzNMUSNlmH6MRqkb+VDWaJNEzw=",
        "owner": "NixOs",
        "repo": "nix",
        "rev": "8e6ee1b9e924fbbbeb5594eb89e7a570f36ab6e1",
        "type": "github"
      },
      "original": {
        "owner": "NixOs",
        "ref": "master",
        "repo": "nix",
        "type": "github"
      }
    },
    "nixos": {
      "locked": {
        "lastModified": 1623544386,
        "narHash": "sha256-AQ8pcr2qUgHJ11SlV4BAIjWKo739mHWliMD9mMDbyLE=",
        "owner": "NixOs",
        "repo": "nixpkgs",
        "rev": "722e5ccfea7f42e11cfb10e92d444da1a9c9fc26",
        "type": "github"
      },
      "original": {
        "owner": "NixOs",
        "ref": "nixos-unstable-small",
        "repo": "nixpkgs",
        "type": "github"
      }
    },
    "nixpkgs": {
      "locked": {
        "lastModified": 1622593737,
        "narHash": "sha256-9loxFJg85AbzJrSkU4pE/divZ1+zOxDy2FSjlrufCB8=",
        "owner": "NixOS",
        "repo": "nixpkgs",
        "rev": "bb8a5e54845012ed1375ffd5f317d2fdf434b20e",
        "type": "github"
      },
      "original": {
        "id": "nixpkgs",
        "ref": "nixos-21.05-small",
        "type": "indirect"
      }
    },
    "nixpkgs_2": {
      "locked": {
        "lastModified": 1623577127,
        "narHash": "sha256-pB0epatxKcr7HRGmxAAiEqqAIctzTxri/EcmDZP/79o=",
        "owner": "NixOs",
        "repo": "nixpkgs",
        "rev": "b723ca581645a8ffd62713d16eefbb5a738b0057",
        "type": "github"
      },
      "original": {
        "owner": "NixOs",
        "ref": "master",
        "repo": "nixpkgs",
        "type": "github"
      }
    },
    "nur": {
      "locked": {
        "lastModified": 1623572403,
        "narHash": "sha256-k8u0CfMm9k2qrnDnn79Ui/WySKXS+7ie0O7YKrFPSrU=",
        "owner": "nix-community",
        "repo": "NUR",
        "rev": "daf13be15e35406bc598c470ecb1b01768db1954",
        "type": "github"
      },
      "original": {
        "owner": "nix-community",
        "repo": "NUR",
        "type": "github"
      }
    },
    "root": {
      "inputs": {
        "nix": "nix",
        "nixos": "nixos",
        "nixpkgs": "nixpkgs_2",
        "nur": "nur"
      }
    }
  },
  "root": "root",
  "version": 7
}
