{
  "nodes": {
    "lowdown-src": {
      "flake": false,
      "locked": {
        "lastModified": 1617481909,
        "narHash": "sha256-SqnfOFuLuVRRNeVJr1yeEPJue/qWoCp5N6o5Kr///p4=",
        "owner": "kristapsdz",
        "repo": "lowdown",
        "rev": "148f9b2f586c41b7e36e73009db43ea68c7a1a4d",
        "type": "github"
      },
      "original": {
        "owner": "kristapsdz",
        "ref": "VERSION_0_8_4",
        "repo": "lowdown",
        "type": "github"
      }
    },
    "nix": {
      "inputs": {
        "lowdown-src": "lowdown-src",
        "nixpkgs": "nixpkgs"
      },
      "locked": {
        "lastModified": 1624612639,
        "narHash": "sha256-tIZDdJahWg+zq1kbJZ7aoQp12Wr37w8soTm9Gg1CRoo=",
        "owner": "NixOs",
        "repo": "nix",
        "rev": "bf68c693dc5157c2be1f3a9f407dd1ce3761df78",
        "type": "github"
      },
      "original": {
        "owner": "NixOs",
        "ref": "master",
        "repo": "nix",
        "type": "github"
      }
    },
    "nixos": {
      "locked": {
        "lastModified": 1624796031,
        "narHash": "sha256-fSqfwieAV+rfpCiz8mhTCF1WFXFeW/dqKYL2V8MxVJo=",
        "owner": "NixOs",
        "repo": "nixpkgs",
        "rev": "630de311e4eed9e88e0577041f08a4be60994100",
        "type": "github"
      },
      "original": {
        "owner": "NixOs",
        "ref": "master",
        "repo": "nixpkgs",
        "type": "github"
      }
    },
    "nixpkgs": {
      "locked": {
        "lastModified": 1622593737,
        "narHash": "sha256-9loxFJg85AbzJrSkU4pE/divZ1+zOxDy2FSjlrufCB8=",
        "owner": "NixOS",
        "repo": "nixpkgs",
        "rev": "bb8a5e54845012ed1375ffd5f317d2fdf434b20e",
        "type": "github"
      },
      "original": {
        "id": "nixpkgs",
        "ref": "nixos-21.05-small",
        "type": "indirect"
      }
    },
    "nixpkgs_2": {
      "locked": {
        "lastModified": 1624796031,
        "narHash": "sha256-fSqfwieAV+rfpCiz8mhTCF1WFXFeW/dqKYL2V8MxVJo=",
        "owner": "NixOs",
        "repo": "nixpkgs",
        "rev": "630de311e4eed9e88e0577041f08a4be60994100",
        "type": "github"
      },
      "original": {
        "owner": "NixOs",
        "ref": "master",
        "repo": "nixpkgs",
        "type": "github"
      }
    },
    "nur": {
      "locked": {
        "lastModified": 1624796468,
        "narHash": "sha256-Tzq2oC4/2YhIjumsRByftmmezUiyTGV4D04IpEAwG8U=",
        "owner": "nix-community",
        "repo": "NUR",
        "rev": "61c5d146b06ee5f38f3a2fa9925447046befcc0b",
        "type": "github"
      },
      "original": {
        "owner": "nix-community",
        "repo": "NUR",
        "type": "github"
      }
    },
    "root": {
      "inputs": {
        "nix": "nix",
        "nixos": "nixos",
        "nixpkgs": "nixpkgs_2",
        "nur": "nur"
      }
    }
  },
  "root": "root",
  "version": 7
}
