{
  "nodes": {
    "lowdown-src": {
      "flake": false,
      "locked": {
        "lastModified": 1598695561,
        "narHash": "sha256-gyH/5j+h/nWw0W8AcR2WKvNBUsiQ7QuxqSJNXAwV+8E=",
        "owner": "kristapsdz",
        "repo": "lowdown",
        "rev": "1705b4a26fbf065d9574dce47a94e8c7c79e052f",
        "type": "github"
      },
      "original": {
        "owner": "kristapsdz",
        "repo": "lowdown",
        "type": "github"
      }
    },
    "nix": {
      "inputs": {
        "lowdown-src": "lowdown-src",
        "nixpkgs": "nixpkgs"
      },
      "locked": {
        "lastModified": 1609843649,
        "narHash": "sha256-sqr1QjK+UHhIQXoRYzrP+uZCFeo5DIC9dXr0O7WJ/pE=",
        "owner": "NixOs",
        "repo": "nix",
        "rev": "8af4f886e212346afdd1d40789f96f1321da96c5",
        "type": "github"
      },
      "original": {
        "owner": "NixOs",
        "ref": "master",
        "repo": "nix",
        "type": "github"
      }
    },
    "nixos": {
      "locked": {
        "lastModified": 1609885556,
        "narHash": "sha256-iIEOzKBSbecrRCLYiF4BXZ1NxmEg+EdD2WATtqy6R24=",
        "owner": "NixOs",
        "repo": "nixpkgs",
        "rev": "c1cc0f5b992ad16def3f2546786115e0e2855c56",
        "type": "github"
      },
      "original": {
        "owner": "NixOs",
        "ref": "nixos-unstable-small",
        "repo": "nixpkgs",
        "type": "github"
      }
    },
    "nixpkgs": {
      "locked": {
        "lastModified": 1602702596,
        "narHash": "sha256-fqJ4UgOb4ZUnCDIapDb4gCrtAah5Rnr2/At3IzMitig=",
        "owner": "NixOS",
        "repo": "nixpkgs",
        "rev": "ad0d20345219790533ebe06571f82ed6b034db31",
        "type": "github"
      },
      "original": {
        "id": "nixpkgs",
        "ref": "nixos-20.09-small",
        "type": "indirect"
      }
    },
    "nixpkgs_2": {
      "locked": {
        "lastModified": 1609928383,
        "narHash": "sha256-ftnPSe5AMb15T7jbcg1HVgEtIJ9+PjnHSndqX9FKlk8=",
        "owner": "NixOs",
        "repo": "nixpkgs",
        "rev": "ce28a489a9f8e03c528290853a0ec5df8c25321c",
        "type": "github"
      },
      "original": {
        "owner": "NixOs",
        "ref": "master",
        "repo": "nixpkgs",
        "type": "github"
      }
    },
    "nur": {
      "locked": {
        "lastModified": 1609347472,
        "narHash": "sha256-9wYxLtDDAyc33Cbxv34oFFDJ8AHgRiLjxblmtrPnU04=",
        "owner": "nix-community",
        "repo": "NUR",
        "rev": "f987ca97594b67b4de6150fd773f7e47c187a025",
        "type": "github"
      },
      "original": {
        "owner": "nix-community",
        "repo": "NUR",
        "type": "github"
      }
    },
    "root": {
      "inputs": {
        "nix": "nix",
        "nixos": "nixos",
        "nixpkgs": "nixpkgs_2",
        "nur": "nur"
      }
    }
  },
  "root": "root",
  "version": 7
}
